
Microsoft Visual Studio Solution File, Format Version 12.00
# Visual Studio Version 17
VisualStudioVersion = 17.10.34928.147
MinimumVisualStudioVersion = 10.0.40219.1
Project("{FAE04EC0-301F-11D3-BF4B-00C04F79EFBC}") = "CoffeeShopProductsMVC", "CoffeeShopProductsMVC\CoffeeShopProductsMVC.csproj", "{83AD5CE8-67EA-401C-AE3D-8E3356592D98}"
EndProject
Global
	GlobalSection(SolutionConfigurationPlatforms) = preSolution
		Debug|Any CPU = Debug|Any CPU
		Release|Any CPU = Release|Any CPU
	EndGlobalSection
	GlobalSection(ProjectConfigurationPlatforms) = postSolution
		{83AD5CE8-67EA-401C-AE3D-8E3356592D98}.Debug|Any CPU.ActiveCfg = Debug|Any CPU
		{83AD5CE8-67EA-401C-AE3D-8E3356592D98}.Debug|Any CPU.Build.0 = Debug|Any CPU
		{83AD5CE8-67EA-401C-AE3D-8E3356592D98}.Release|Any CPU.ActiveCfg = Release|Any CPU
		{83AD5CE8-67EA-401C-AE3D-8E3356592D98}.Release|Any CPU.Build.0 = Release|Any CPU
	EndGlobalSection
	GlobalSection(SolutionProperties) = preSolution
		HideSolutionNode = FALSE
	EndGlobalSection
	GlobalSection(ExtensibilityGlobals) = postSolution
		SolutionGuid = {74E54AD0-76F1-4D64-9588-57C7E451C802}
	EndGlobalSection
EndGlobal
